
Microsoft Visual Studio Solution File, Format Version 12.00
# Visual Studio Version 17
VisualStudioVersion = 17.9.34622.214
MinimumVisualStudioVersion = 10.0.40219.1
Project("{FAE04EC0-301F-11D3-BF4B-00C04F79EFBC}") = "8_2_7BinaryIO", "8_2_7BinaryIO.csproj", "{2AC455D3-1C56-448A-AEB3-53E771BA5A71}"
EndProject
Global
	GlobalSection(SolutionConfigurationPlatforms) = preSolution
		Debug|Any CPU = Debug|Any CPU
		Release|Any CPU = Release|Any CPU
	EndGlobalSection
	GlobalSection(ProjectConfigurationPlatforms) = postSolution
		{2AC455D3-1C56-448A-AEB3-53E771BA5A71}.Debug|Any CPU.ActiveCfg = Debug|Any CPU
		{2AC455D3-1C56-448A-AEB3-53E771BA5A71}.Debug|Any CPU.Build.0 = Debug|Any CPU
		{2AC455D3-1C56-448A-AEB3-53E771BA5A71}.Release|Any CPU.ActiveCfg = Release|Any CPU
		{2AC455D3-1C56-448A-AEB3-53E771BA5A71}.Release|Any CPU.Build.0 = Release|Any CPU
	EndGlobalSection
	GlobalSection(SolutionProperties) = preSolution
		HideSolutionNode = FALSE
	EndGlobalSection
	GlobalSection(ExtensibilityGlobals) = postSolution
		SolutionGuid = {2A7474E8-EF43-4F23-B812-3B931A8506C0}
	EndGlobalSection
EndGlobal
