
Microsoft Visual Studio Solution File, Format Version 12.00
# Visual Studio Version 17
VisualStudioVersion = 17.10.35004.147
MinimumVisualStudioVersion = 10.0.40219.1
Project("{FAE04EC0-301F-11D3-BF4B-00C04F79EFBC}") = "파일쓰기", "파일쓰기.csproj", "{CAB72B14-8C30-4932-8452-BBDFA59BF53E}"
EndProject
Global
	GlobalSection(SolutionConfigurationPlatforms) = preSolution
		Debug|Any CPU = Debug|Any CPU
		Release|Any CPU = Release|Any CPU
	EndGlobalSection
	GlobalSection(ProjectConfigurationPlatforms) = postSolution
		{CAB72B14-8C30-4932-8452-BBDFA59BF53E}.Debug|Any CPU.ActiveCfg = Debug|Any CPU
		{CAB72B14-8C30-4932-8452-BBDFA59BF53E}.Debug|Any CPU.Build.0 = Debug|Any CPU
		{CAB72B14-8C30-4932-8452-BBDFA59BF53E}.Release|Any CPU.ActiveCfg = Release|Any CPU
		{CAB72B14-8C30-4932-8452-BBDFA59BF53E}.Release|Any CPU.Build.0 = Release|Any CPU
	EndGlobalSection
	GlobalSection(SolutionProperties) = preSolution
		HideSolutionNode = FALSE
	EndGlobalSection
	GlobalSection(ExtensibilityGlobals) = postSolution
		SolutionGuid = {34EFAC58-F40C-4FD9-94D5-BCC82629409D}
	EndGlobalSection
EndGlobal
