
Microsoft Visual Studio Solution File, Format Version 12.00
# Visual Studio Version 17
VisualStudioVersion = 17.9.34622.214
MinimumVisualStudioVersion = 10.0.40219.1
Project("{FAE04EC0-301F-11D3-BF4B-00C04F79EFBC}") = "8_2_5TextIO", "8_2_5TextIO.csproj", "{B2CE1FD7-1395-4FB8-BE89-1F1A1B7BA60E}"
EndProject
Global
	GlobalSection(SolutionConfigurationPlatforms) = preSolution
		Debug|Any CPU = Debug|Any CPU
		Release|Any CPU = Release|Any CPU
	EndGlobalSection
	GlobalSection(ProjectConfigurationPlatforms) = postSolution
		{B2CE1FD7-1395-4FB8-BE89-1F1A1B7BA60E}.Debug|Any CPU.ActiveCfg = Debug|Any CPU
		{B2CE1FD7-1395-4FB8-BE89-1F1A1B7BA60E}.Debug|Any CPU.Build.0 = Debug|Any CPU
		{B2CE1FD7-1395-4FB8-BE89-1F1A1B7BA60E}.Release|Any CPU.ActiveCfg = Release|Any CPU
		{B2CE1FD7-1395-4FB8-BE89-1F1A1B7BA60E}.Release|Any CPU.Build.0 = Release|Any CPU
	EndGlobalSection
	GlobalSection(SolutionProperties) = preSolution
		HideSolutionNode = FALSE
	EndGlobalSection
	GlobalSection(ExtensibilityGlobals) = postSolution
		SolutionGuid = {6353AF1F-234D-4A8C-B429-4E07C21670A4}
	EndGlobalSection
EndGlobal
